Microsoft Visual Studio Solution File, Format Version 12.00
# Visual Studio Version 16
VisualStudioVersion = 16.0.29509.3
MinimumVisualStudioVersion = 10.0.40219.1
Project("{FAE04EC0-301F-11D3-BF4B-00C04F79EFBC}") = "Atmo", "Atmo.csproj", "{F16975A5-EC45-464D-AA44-A81E740307B8}"
EndProject
Global
	GlobalSection(SolutionConfigurationPlatforms) = preSolution
		Debug|Any CPU = Debug|Any CPU
		Release|Any CPU = Release|Any CPU
		Tools|Any CPU = Tools|Any CPU
	EndGlobalSection
	GlobalSection(ProjectConfigurationPlatforms) = postSolution
		{F16975A5-EC45-464D-AA44-A81E740307B8}.Debug|Any CPU.ActiveCfg = Debug|Any CPU
		{F16975A5-EC45-464D-AA44-A81E740307B8}.Debug|Any CPU.Build.0 = Debug|Any CPU
		{F16975A5-EC45-464D-AA44-A81E740307B8}.Release|Any CPU.ActiveCfg = Release|Any CPU
		{F16975A5-EC45-464D-AA44-A81E740307B8}.Release|Any CPU.Build.0 = Release|Any CPU
		{F16975A5-EC45-464D-AA44-A81E740307B8}.Tools|Any CPU.ActiveCfg = Tools|Any CPU
		{F16975A5-EC45-464D-AA44-A81E740307B8}.Tools|Any CPU.Build.0 = Tools|Any CPU
	EndGlobalSection
	GlobalSection(SolutionProperties) = preSolution
		HideSolutionNode = FALSE
	EndGlobalSection
	GlobalSection(ExtensibilityGlobals) = postSolution
		SolutionGuid = {F264A1B0-B524-437C-9896-287319CD99EC}
	EndGlobalSection
EndGlobal
